// !$*UTF8*$!
{
	archiveVersion = 1;
	classes = {
	};
	objectVersion = 46;
	objects = {

/* Begin PBXBuildFile section */
		F450232E1CB79C4100E236E7 /* main.m in Sources */ = {isa = PBXBuildFile; fileRef = F450232D1CB79C4100E236E7 /* main.m */; };
		F45023311CB79C4100E236E7 /* AppDelegate.m in Sources */ = {isa = PBXBuildFile; fileRef = F45023301CB79C4100E236E7 /* AppDelegate.m */; };
		F45023341CB79C4100E236E7 /* ViewController.m in Sources */ = {isa = PBXBuildFile; fileRef = F45023331CB79C4100E236E7 /* ViewController.m */; };
		F45023371CB79C4100E236E7 /* Main.storyboard in Resources */ = {isa = PBXBuildFile; fileRef = F45023351CB79C4100E236E7 /* Main.storyboard */; };
		F45023391CB79C4100E236E7 /* Assets.xcassets in Resources */ = {isa = PBXBuildFile; fileRef = F45023381CB79C4100E236E7 /* Assets.xcassets */; };
		F450233C1CB79C4100E236E7 /* LaunchScreen.storyboard in Resources */ = {isa = PBXBuildFile; fileRef = F450233A1CB79C4100E236E7 /* LaunchScreen.storyboard */; };
		F45023471CB79C4200E236E7 /* GJExamAnkiTests.m in Sources */ = {isa = PBXBuildFile; fileRef = F45023461CB79C4200E236E7 /* GJExamAnkiTests.m */; };
		F45023521CB79C4200E236E7 /* GJExamAnkiUITests.m in Sources */ = {isa = PBXBuildFile; fileRef = F45023511CB79C4200E236E7 /* GJExamAnkiUITests.m */; };
		F45023A01CB7A1E600E236E7 /* GJEAPaperInfoViewController.m in Sources */ = {isa = PBXBuildFile; fileRef = F450239F1CB7A1E600E236E7 /* GJEAPaperInfoViewController.m */; };
		F45023A31CB7A1F200E236E7 /* GJEABookmarkQuestionViewController.m in Sources */ = {isa = PBXBuildFile; fileRef = F45023A21CB7A1F200E236E7 /* GJEABookmarkQuestionViewController.m */; };
		F45023A61CB7A1FF00E236E7 /* GJEAWrongQuestionViewController.m in Sources */ = {isa = PBXBuildFile; fileRef = F45023A51CB7A1FF00E236E7 /* GJEAWrongQuestionViewController.m */; };
		F45023A91CB7A21200E236E7 /* GJEAFlashCardViewController.m in Sources */ = {isa = PBXBuildFile; fileRef = F45023A81CB7A21200E236E7 /* GJEAFlashCardViewController.m */; };
		F45023AC1CB7A22C00E236E7 /* GJEAFeedbackViewController.m in Sources */ = {isa = PBXBuildFile; fileRef = F45023AB1CB7A22C00E236E7 /* GJEAFeedbackViewController.m */; };
		F45023AF1CB7A24200E236E7 /* GJEAAboutViewController.m in Sources */ = {isa = PBXBuildFile; fileRef = F45023AE1CB7A24200E236E7 /* GJEAAboutViewController.m */; };
		F45023B21CB7A25000E236E7 /* GJEAShareViewController.m in Sources */ = {isa = PBXBuildFile; fileRef = F45023B11CB7A25000E236E7 /* GJEAShareViewController.m */; };
		F45023B51CB7A25B00E236E7 /* GJEAImportViewController.m in Sources */ = {isa = PBXBuildFile; fileRef = F45023B41CB7A25B00E236E7 /* GJEAImportViewController.m */; };
/* End PBXBuildFile section */

/* Begin PBXContainerItemProxy section */
		F45023431CB79C4200E236E7 /* PBXContainerItemProxy */ = {
			isa = PBXContainerItemProxy;
			containerPortal = F45023211CB79C4100E236E7 /* Project object */;
			proxyType = 1;
			remoteGlobalIDString = F45023281CB79C4100E236E7;
			remoteInfo = GJExamAnki;
		};
		F450234E1CB79C4200E236E7 /* PBXContainerItemProxy */ = {
			isa = PBXContainerItemProxy;
			containerPortal = F45023211CB79C4100E236E7 /* Project object */;
			proxyType = 1;
			remoteGlobalIDString = F45023281CB79C4100E236E7;
			remoteInfo = GJExamAnki;
		};
/* End PBXContainerItemProxy section */

/* Begin PBXFileReference section */
		F45023291CB79C4100E236E7 /* GJExamAnki.app */ = {isa = PBXFileReference; explicitFileType = wrapper.application; includeInIndex = 0; path = GJExamAnki.app; sourceTree = BUILT_PRODUCTS_DIR; };
		F450232D1CB79C4100E236E7 /* main.m */ = {isa = PBXFileReference; lastKnownFileType = sourcecode.c.objc; path = main.m; sourceTree = "<group>"; };
		F450232F1CB79C4100E236E7 /* AppDelegate.h */ = {isa = PBXFileReference; lastKnownFileType = sourcecode.c.h; path = AppDelegate.h; sourceTree = "<group>"; };
		F45023301CB79C4100E236E7 /* AppDelegate.m */ = {isa = PBXFileReference; lastKnownFileType = sourcecode.c.objc; path = AppDelegate.m; sourceTree = "<group>"; };
		F45023321CB79C4100E236E7 /* ViewController.h */ = {isa = PBXFileReference; lastKnownFileType = sourcecode.c.h; path = ViewController.h; sourceTree = "<group>"; };
		F45023331CB79C4100E236E7 /* ViewController.m */ = {isa = PBXFileReference; lastKnownFileType = sourcecode.c.objc; path = ViewController.m; sourceTree = "<group>"; };
		F45023361CB79C4100E236E7 /* Base */ = {isa = PBXFileReference; lastKnownFileType = file.storyboard; name = Base; path = Base.lproj/Main.storyboard; sourceTree = "<group>"; };
		F45023381CB79C4100E236E7 /* Assets.xcassets */ = {isa = PBXFileReference; lastKnownFileType = folder.assetcatalog; path = Assets.xcassets; sourceTree = "<group>"; };
		F450233B1CB79C4100E236E7 /* Base */ = {isa = PBXFileReference; lastKnownFileType = file.storyboard; name = Base; path = Base.lproj/LaunchScreen.storyboard; sourceTree = "<group>"; };
		F450233D1CB79C4100E236E7 /* Info.plist */ = {isa = PBXFileReference; lastKnownFileType = text.plist.xml; path = Info.plist; sourceTree = "<group>"; };
		F45023421CB79C4200E236E7 /* GJExamAnkiTests.xctest */ = {isa = PBXFileReference; explicitFileType = wrapper.cfbundle; includeInIndex = 0; path = GJExamAnkiTests.xctest; sourceTree = BUILT_PRODUCTS_DIR; };
		F45023461CB79C4200E236E7 /* GJExamAnkiTests.m */ = {isa = PBXFileReference; lastKnownFileType = sourcecode.c.objc; path = GJExamAnkiTests.m; sourceTree = "<group>"; };
		F45023481CB79C4200E236E7 /* Info.plist */ = {isa = PBXFileReference; lastKnownFileType = text.plist.xml; path = Info.plist; sourceTree = "<group>"; };
		F450234D1CB79C4200E236E7 /* GJExamAnkiUITests.xctest */ = {isa = PBXFileReference; explicitFileType = wrapper.cfbundle; includeInIndex = 0; path = GJExamAnkiUITests.xctest; sourceTree = BUILT_PRODUCTS_DIR; };
		F45023511CB79C4200E236E7 /* GJExamAnkiUITests.m */ = {isa = PBXFileReference; lastKnownFileType = sourcecode.c.objc; path = GJExamAnkiUITests.m; sourceTree = "<group>"; };
		F45023531CB79C4200E236E7 /* Info.plist */ = {isa = PBXFileReference; lastKnownFileType = text.plist.xml; path = Info.plist; sourceTree = "<group>"; };
		F450239E1CB7A1E600E236E7 /* GJEAPaperInfoViewController.h */ = {isa = PBXFileReference; fileEncoding = 4; lastKnownFileType = sourcecode.c.h; name = GJEAPaperInfoViewController.h; path = ../GJEAPaperInfoViewController.h; sourceTree = "<group>"; };
		F450239F1CB7A1E600E236E7 /* GJEAPaperInfoViewController.m */ = {isa = PBXFileReference; fileEncoding = 4; lastKnownFileType = sourcecode.c.objc; name = GJEAPaperInfoViewController.m; path = ../GJEAPaperInfoViewController.m; sourceTree = "<group>"; };
		F45023A11CB7A1F200E236E7 /* GJEABookmarkQuestionViewController.h */ = {isa = PBXFileReference; fileEncoding = 4; lastKnownFileType = sourcecode.c.h; name = GJEABookmarkQuestionViewController.h; path = ../GJEABookmarkQuestionViewController.h; sourceTree = "<group>"; };
		F45023A21CB7A1F200E236E7 /* GJEABookmarkQuestionViewController.m */ = {isa = PBXFileReference; fileEncoding = 4; lastKnownFileType = sourcecode.c.objc; name = GJEABookmarkQuestionViewController.m; path = ../GJEABookmarkQuestionViewController.m; sourceTree = "<group>"; };
		F45023A41CB7A1FF00E236E7 /* GJEAWrongQuestionViewController.h */ = {isa = PBXFileReference; fileEncoding = 4; lastKnownFileType = sourcecode.c.h; name = GJEAWrongQuestionViewController.h; path = ../GJEAWrongQuestionViewController.h; sourceTree = "<group>"; };
		F45023A51CB7A1FF00E236E7 /* GJEAWrongQuestionViewController.m */ = {isa = PBXFileReference; fileEncoding = 4; lastKnownFileType = sourcecode.c.objc; name = GJEAWrongQuestionViewController.m; path = ../GJEAWrongQuestionViewController.m; sourceTree = "<group>"; };
		F45023A71CB7A21200E236E7 /* GJEAFlashCardViewController.h */ = {isa = PBXFileReference; fileEncoding = 4; lastKnownFileType = sourcecode.c.h; name = GJEAFlashCardViewController.h; path = ../GJEAFlashCardViewController.h; sourceTree = "<group>"; };
		F45023A81CB7A21200E236E7 /* GJEAFlashCardViewController.m */ = {isa = PBXFileReference; fileEncoding = 4; lastKnownFileType = sourcecode.c.objc; name = GJEAFlashCardViewController.m; path = ../GJEAFlashCardViewController.m; sourceTree = "<group>"; };
		F45023AA1CB7A22C00E236E7 /* GJEAFeedbackViewController.h */ = {isa = PBXFileReference; fileEncoding = 4; lastKnownFileType = sourcecode.c.h; name = GJEAFeedbackViewController.h; path = ../GJEAFeedbackViewController.h; sourceTree = "<group>"; };
		F45023AB1CB7A22C00E236E7 /* GJEAFeedbackViewController.m */ = {isa = PBXFileReference; fileEncoding = 4; lastKnownFileType = sourcecode.c.objc; name = GJEAFeedbackViewController.m; path = ../GJEAFeedbackViewController.m; sourceTree = "<group>"; };
		F45023AD1CB7A24200E236E7 /* GJEAAboutViewController.h */ = {isa = PBXFileReference; fileEncoding = 4; lastKnownFileType = sourcecode.c.h; name = GJEAAboutViewController.h; path = ../GJEAAboutViewController.h; sourceTree = "<group>"; };
		F45023AE1CB7A24200E236E7 /* GJEAAboutViewController.m */ = {isa = PBXFileReference; fileEncoding = 4; lastKnownFileType = sourcecode.c.objc; name = GJEAAboutViewController.m; path = ../GJEAAboutViewController.m; sourceTree = "<group>"; };
		F45023B01CB7A25000E236E7 /* GJEAShareViewController.h */ = {isa = PBXFileReference; fileEncoding = 4; lastKnownFileType = sourcecode.c.h; name = GJEAShareViewController.h; path = ../GJEAShareViewController.h; sourceTree = "<group>"; };
		F45023B11CB7A25000E236E7 /* GJEAShareViewController.m */ = {isa = PBXFileReference; fileEncoding = 4; lastKnownFileType = sourcecode.c.objc; name = GJEAShareViewController.m; path = ../GJEAShareViewController.m; sourceTree = "<group>"; };
		F45023B31CB7A25B00E236E7 /* GJEAImportViewController.h */ = {isa = PBXFileReference; fileEncoding = 4; lastKnownFileType = sourcecode.c.h; name = GJEAImportViewController.h; path = ../GJEAImportViewController.h; sourceTree = "<group>"; };
		F45023B41CB7A25B00E236E7 /* GJEAImportViewController.m */ = {isa = PBXFileReference; fileEncoding = 4; lastKnownFileType = sourcecode.c.objc; name = GJEAImportViewController.m; path = ../GJEAImportViewController.m; sourceTree = "<group>"; };
/* End PBXFileReference section */

/* Begin PBXFrameworksBuildPhase section */
		F45023261CB79C4100E236E7 /* Frameworks */ = {
			isa = PBXFrameworksBuildPhase;
			buildActionMask = 2147483647;
			files = (
			);
			runOnlyForDeploymentPostprocessing = 0;
		};
		F450233F1CB79C4200E236E7 /* Frameworks */ = {
			isa = PBXFrameworksBuildPhase;
			buildActionMask = 2147483647;
			files = (
			);
			runOnlyForDeploymentPostprocessing = 0;
		};
		F450234A1CB79C4200E236E7 /* Frameworks */ = {
			isa = PBXFrameworksBuildPhase;
			buildActionMask = 2147483647;
			files = (
			);
			runOnlyForDeploymentPostprocessing = 0;
		};
/* End PBXFrameworksBuildPhase section */

/* Begin PBXGroup section */
		F45023201CB79C4100E236E7 = {
			isa = PBXGroup;
			children = (
				F450232B1CB79C4100E236E7 /* GJExamAnki */,
				F45023451CB79C4200E236E7 /* GJExamAnkiTests */,
				F45023501CB79C4200E236E7 /* GJExamAnkiUITests */,
				F450232A1CB79C4100E236E7 /* Products */,
			);
			sourceTree = "<group>";
		};
		F450232A1CB79C4100E236E7 /* Products */ = {
			isa = PBXGroup;
			children = (
				F45023291CB79C4100E236E7 /* GJExamAnki.app */,
				F45023421CB79C4200E236E7 /* GJExamAnkiTests.xctest */,
				F450234D1CB79C4200E236E7 /* GJExamAnkiUITests.xctest */,
			);
			name = Products;
			sourceTree = "<group>";
		};
		F450232B1CB79C4100E236E7 /* GJExamAnki */ = {
			isa = PBXGroup;
			children = (
				F450232F1CB79C4100E236E7 /* AppDelegate.h */,
				F45023301CB79C4100E236E7 /* AppDelegate.m */,
				F45023321CB79C4100E236E7 /* ViewController.h */,
				F45023331CB79C4100E236E7 /* ViewController.m */,
				F450239E1CB7A1E600E236E7 /* GJEAPaperInfoViewController.h */,
				F450239F1CB7A1E600E236E7 /* GJEAPaperInfoViewController.m */,
				F45023A11CB7A1F200E236E7 /* GJEABookmarkQuestionViewController.h */,
				F45023A21CB7A1F200E236E7 /* GJEABookmarkQuestionViewController.m */,
				F45023A41CB7A1FF00E236E7 /* GJEAWrongQuestionViewController.h */,
				F45023A51CB7A1FF00E236E7 /* GJEAWrongQuestionViewController.m */,
				F45023A71CB7A21200E236E7 /* GJEAFlashCardViewController.h */,
				F45023A81CB7A21200E236E7 /* GJEAFlashCardViewController.m */,
				F45023AA1CB7A22C00E236E7 /* GJEAFeedbackViewController.h */,
				F45023AB1CB7A22C00E236E7 /* GJEAFeedbackViewController.m */,
				F45023AD1CB7A24200E236E7 /* GJEAAboutViewController.h */,
				F45023AE1CB7A24200E236E7 /* GJEAAboutViewController.m */,
				F45023B01CB7A25000E236E7 /* GJEAShareViewController.h */,
				F45023B11CB7A25000E236E7 /* GJEAShareViewController.m */,
				F45023B31CB7A25B00E236E7 /* GJEAImportViewController.h */,
				F45023B41CB7A25B00E236E7 /* GJEAImportViewController.m */,
				F45023351CB79C4100E236E7 /* Main.storyboard */,
				F45023381CB79C4100E236E7 /* Assets.xcassets */,
				F450233A1CB79C4100E236E7 /* LaunchScreen.storyboard */,
				F450233D1CB79C4100E236E7 /* Info.plist */,
				F450232C1CB79C4100E236E7 /* Supporting Files */,
			);
			path = GJExamAnki;
			sourceTree = "<group>";
		};
		F450232C1CB79C4100E236E7 /* Supporting Files */ = {
			isa = PBXGroup;
			children = (
				F450232D1CB79C4100E236E7 /* main.m */,
			);
			name = "Supporting Files";
			sourceTree = "<group>";
		};
		F45023451CB79C4200E236E7 /* GJExamAnkiTests */ = {
			isa = PBXGroup;
			children = (
				F45023461CB79C4200E236E7 /* GJExamAnkiTests.m */,
				F45023481CB79C4200E236E7 /* Info.plist */,
			);
			path = GJExamAnkiTests;
			sourceTree = "<group>";
		};
		F45023501CB79C4200E236E7 /* GJExamAnkiUITests */ = {
			isa = PBXGroup;
			children = (
				F45023511CB79C4200E236E7 /* GJExamAnkiUITests.m */,
				F45023531CB79C4200E236E7 /* Info.plist */,
			);
			path = GJExamAnkiUITests;
			sourceTree = "<group>";
		};
/* End PBXGroup section */

/* Begin PBXNativeTarget section */
		F45023281CB79C4100E236E7 /* GJExamAnki */ = {
			isa = PBXNativeTarget;
			buildConfigurationList = F45023561CB79C4200E236E7 /* Build configuration list for PBXNativeTarget "GJExamAnki" */;
			buildPhases = (
				F45023251CB79C4100E236E7 /* Sources */,
				F45023261CB79C4100E236E7 /* Frameworks */,
				F45023271CB79C4100E236E7 /* Resources */,
			);
			buildRules = (
			);
			dependencies = (
			);
			name = GJExamAnki;
			productName = GJExamAnki;
			productReference = F45023291CB79C4100E236E7 /* GJExamAnki.app */;
			productType = "com.apple.product-type.application";
		};
		F45023411CB79C4200E236E7 /* GJExamAnkiTests */ = {
			isa = PBXNativeTarget;
			buildConfigurationList = F45023591CB79C4200E236E7 /* Build configuration list for PBXNativeTarget "GJExamAnkiTests" */;
			buildPhases = (
				F450233E1CB79C4200E236E7 /* Sources */,
				F450233F1CB79C4200E236E7 /* Frameworks */,
				F45023401CB79C4200E236E7 /* Resources */,
			);
			buildRules = (
			);
			dependencies = (
				F45023441CB79C4200E236E7 /* PBXTargetDependency */,
			);
			name = GJExamAnkiTests;
			productName = GJExamAnkiTests;
			productReference = F45023421CB79C4200E236E7 /* GJExamAnkiTests.xctest */;
			productType = "com.apple.product-type.bundle.unit-test";
		};
		F450234C1CB79C4200E236E7 /* GJExamAnkiUITests */ = {
			isa = PBXNativeTarget;
			buildConfigurationList = F450235C1CB79C4200E236E7 /* Build configuration list for PBXNativeTarget "GJExamAnkiUITests" */;
			buildPhases = (
				F45023491CB79C4200E236E7 /* Sources */,
				F450234A1CB79C4200E236E7 /* Frameworks */,
				F450234B1CB79C4200E236E7 /* Resources */,
			);
			buildRules = (
			);
			dependencies = (
				F450234F1CB79C4200E236E7 /* PBXTargetDependency */,
			);
			name = GJExamAnkiUITests;
			productName = GJExamAnkiUITests;
			productReference = F450234D1CB79C4200E236E7 /* GJExamAnkiUITests.xctest */;
			productType = "com.apple.product-type.bundle.ui-testing";
		};
/* End PBXNativeTarget section */

/* Begin PBXProject section */
		F45023211CB79C4100E236E7 /* Project object */ = {
			isa = PBXProject;
			attributes = {
				CLASSPREFIX = GJ;
				LastUpgradeCheck = 0720;
				ORGANIZATIONNAME = trainer;
				TargetAttributes = {
					F45023281CB79C4100E236E7 = {
						CreatedOnToolsVersion = 7.2.1;
						DevelopmentTeam = 67QHZUNPNV;
					};
					F45023411CB79C4200E236E7 = {
						CreatedOnToolsVersion = 7.2.1;
						DevelopmentTeam = 67QHZUNPNV;
						TestTargetID = F45023281CB79C4100E236E7;
					};
					F450234C1CB79C4200E236E7 = {
						CreatedOnToolsVersion = 7.2.1;
						DevelopmentTeam = 67QHZUNPNV;
						TestTargetID = F45023281CB79C4100E236E7;
					};
				};
			};
			buildConfigurationList = F45023241CB79C4100E236E7 /* Build configuration list for PBXProject "GJExamAnki" */;
			compatibilityVersion = "Xcode 3.2";
			developmentRegion = English;
			hasScannedForEncodings = 0;
			knownRegions = (
				en,
				Base,
			);
			mainGroup = F45023201CB79C4100E236E7;
			productRefGroup = F450232A1CB79C4100E236E7 /* Products */;
			projectDirPath = "";
			projectRoot = "";
			targets = (
				F45023281CB79C4100E236E7 /* GJExamAnki */,
				F45023411CB79C4200E236E7 /* GJExamAnkiTests */,
				F450234C1CB79C4200E236E7 /* GJExamAnkiUITests */,
			);
		};
/* End PBXProject section */

/* Begin PBXResourcesBuildPhase section */
		F45023271CB79C4100E236E7 /* Resources */ = {
			isa = PBXResourcesBuildPhase;
			buildActionMask = 2147483647;
			files = (
				F450233C1CB79C4100E236E7 /* LaunchScreen.storyboard in Resources */,
				F45023391CB79C4100E236E7 /* Assets.xcassets in Resources */,
				F45023371CB79C4100E236E7 /* Main.storyboard in Resources */,
			);
			runOnlyForDeploymentPostprocessing = 0;
		};
		F45023401CB79C4200E236E7 /* Resources */ = {
			isa = PBXResourcesBuildPhase;
			buildActionMask = 2147483647;
			files = (
			);
			runOnlyForDeploymentPostprocessing = 0;
		};
		F450234B1CB79C4200E236E7 /* Resources */ = {
			isa = PBXResourcesBuildPhase;
			buildActionMask = 2147483647;
			files = (
			);
			runOnlyForDeploymentPostprocessing = 0;
		};
/* End PBXResourcesBuildPhase section */

/* Begin PBXSourcesBuildPhase section */
		F45023251CB79C4100E236E7 /* Sources */ = {
			isa = PBXSourcesBuildPhase;
			buildActionMask = 2147483647;
			files = (
				F45023341CB79C4100E236E7 /* ViewController.m in Sources */,
				F45023311CB79C4100E236E7 /* AppDelegate.m in Sources */,
				F45023AC1CB7A22C00E236E7 /* GJEAFeedbackViewController.m in Sources */,
				F45023B21CB7A25000E236E7 /* GJEAShareViewController.m in Sources */,
				F45023A01CB7A1E600E236E7 /* GJEAPaperInfoViewController.m in Sources */,
				F45023A61CB7A1FF00E236E7 /* GJEAWrongQuestionViewController.m in Sources */,
				F45023A31CB7A1F200E236E7 /* GJEABookmarkQuestionViewController.m in Sources */,
				F45023B51CB7A25B00E236E7 /* GJEAImportViewController.m in Sources */,
				F45023A91CB7A21200E236E7 /* GJEAFlashCardViewController.m in Sources */,
				F450232E1CB79C4100E236E7 /* main.m in Sources */,
				F45023AF1CB7A24200E236E7 /* GJEAAboutViewController.m in Sources */,
			);
			runOnlyForDeploymentPostprocessing = 0;
		};
		F450233E1CB79C4200E236E7 /* Sources */ = {
			isa = PBXSourcesBuildPhase;
			buildActionMask = 2147483647;
			files = (
				F45023471CB79C4200E236E7 /* GJExamAnkiTests.m in Sources */,
			);
			runOnlyForDeploymentPostprocessing = 0;
		};
		F45023491CB79C4200E236E7 /* Sources */ = {
			isa = PBXSourcesBuildPhase;
			buildActionMask = 2147483647;
			files = (
				F45023521CB79C4200E236E7 /* GJExamAnkiUITests.m in Sources */,
			);
			runOnlyForDeploymentPostprocessing = 0;
		};
/* End PBXSourcesBuildPhase section */

/* Begin PBXTargetDependency section */
		F45023441CB79C4200E236E7 /* PBXTargetDependency */ = {
			isa = PBXTargetDependency;
			target = F45023281CB79C4100E236E7 /* GJExamAnki */;
			targetProxy = F45023431CB79C4200E236E7 /* PBXContainerItemProxy */;
		};
		F450234F1CB79C4200E236E7 /* PBXTargetDependency */ = {
			isa = PBXTargetDependency;
			target = F45023281CB79C4100E236E7 /* GJExamAnki */;
			targetProxy = F450234E1CB79C4200E236E7 /* PBXContainerItemProxy */;
		};
/* End PBXTargetDependency section */

/* Begin PBXVariantGroup section */
		F45023351CB79C4100E236E7 /* Main.storyboard */ = {
			isa = PBXVariantGroup;
			children = (
				F45023361CB79C4100E236E7 /* Base */,
			);
			name = Main.storyboard;
			sourceTree = "<group>";
		};
		F450233A1CB79C4100E236E7 /* LaunchScreen.storyboard */ = {
			isa = PBXVariantGroup;
			children = (
				F450233B1CB79C4100E236E7 /* Base */,
			);
			name = LaunchScreen.storyboard;
			sourceTree = "<group>";
		};
/* End PBXVariantGroup section */

/* Begin XCBuildConfiguration section */
		F45023541CB79C4200E236E7 /* Debug */ = {
			isa = XCBuildConfiguration;
			buildSettings = {
				ALWAYS_SEARCH_USER_PATHS = NO;
				CLANG_CXX_LANGUAGE_STANDARD = "gnu++0x";
				CLANG_CXX_LIBRARY = "libc++";
				CLANG_ENABLE_MODULES = YES;
				CLANG_ENABLE_OBJC_ARC = YES;
				CLANG_WARN_BOOL_CONVERSION = YES;
				CLANG_WARN_CONSTANT_CONVERSION = YES;
				CLANG_WARN_DIRECT_OBJC_ISA_USAGE = YES_ERROR;
				CLANG_WARN_EMPTY_BODY = YES;
				CLANG_WARN_ENUM_CONVERSION = YES;
				CLANG_WARN_INT_CONVERSION = YES;
				CLANG_WARN_OBJC_ROOT_CLASS = YES_ERROR;
				CLANG_WARN_UNREACHABLE_CODE = YES;
				CLANG_WARN__DUPLICATE_METHOD_MATCH = YES;
				"CODE_SIGN_IDENTITY[sdk=iphoneos*]" = "iPhone Developer";
				COPY_PHASE_STRIP = NO;
				DEBUG_INFORMATION_FORMAT = dwarf;
				ENABLE_STRICT_OBJC_MSGSEND = YES;
				ENABLE_TESTABILITY = YES;
				GCC_C_LANGUAGE_STANDARD = gnu99;
				GCC_DYNAMIC_NO_PIC = NO;
				GCC_NO_COMMON_BLOCKS = YES;
				GCC_OPTIMIZATION_LEVEL = 0;
				GCC_PREPROCESSOR_DEFINITIONS = (
					"DEBUG=1",
					"$(inherited)",
				);
				GCC_WARN_64_TO_32_BIT_CONVERSION = YES;
				GCC_WARN_ABOUT_RETURN_TYPE = YES_ERROR;
				GCC_WARN_UNDECLARED_SELECTOR = YES;
				GCC_WARN_UNINITIALIZED_AUTOS = YES_AGGRESSIVE;
				GCC_WARN_UNUSED_FUNCTION = YES;
				GCC_WARN_UNUSED_VARIABLE = YES;
				IPHONEOS_DEPLOYMENT_TARGET = 9.2;
				MTL_ENABLE_DEBUG_INFO = YES;
				ONLY_ACTIVE_ARCH = YES;
				SDKROOT = iphoneos;
				TARGETED_DEVICE_FAMILY = "1,2";
			};
			name = Debug;
		};
		F45023551CB79C4200E236E7 /* Release */ = {
			isa = XCBuildConfiguration;
			buildSettings = {
				ALWAYS_SEARCH_USER_PATHS = NO;
				CLANG_CXX_LANGUAGE_STANDARD = "gnu++0x";
				CLANG_CXX_LIBRARY = "libc++";
				CLANG_ENABLE_MODULES = YES;
				CLANG_ENABLE_OBJC_ARC = YES;
				CLANG_WARN_BOOL_CONVERSION = YES;
				CLANG_WARN_CONSTANT_CONVERSION = YES;
				CLANG_WARN_DIRECT_OBJC_ISA_USAGE = YES_ERROR;
				CLANG_WARN_EMPTY_BODY = YES;
				CLANG_WARN_ENUM_CONVERSION = YES;
				CLANG_WARN_INT_CONVERSION = YES;
				CLANG_WARN_OBJC_ROOT_CLASS = YES_ERROR;
				CLANG_WARN_UNREACHABLE_CODE = YES;
				CLANG_WARN__DUPLICATE_METHOD_MATCH = YES;
				"CODE_SIGN_IDENTITY[sdk=iphoneos*]" = "iPhone Developer";
				COPY_PHASE_STRIP = NO;
				DEBUG_INFORMATION_FORMAT = "dwarf-with-dsym";
				ENABLE_NS_ASSERTIONS = NO;
				ENABLE_STRICT_OBJC_MSGSEND = YES;
				GCC_C_LANGUAGE_STANDARD = gnu99;
				GCC_NO_COMMON_BLOCKS = YES;
				GCC_WARN_64_TO_32_BIT_CONVERSION = YES;
				GCC_WARN_ABOUT_RETURN_TYPE = YES_ERROR;
				GCC_WARN_UNDECLARED_SELECTOR = YES;
				GCC_WARN_UNINITIALIZED_AUTOS = YES_AGGRESSIVE;
				GCC_WARN_UNUSED_FUNCTION = YES;
				GCC_WARN_UNUSED_VARIABLE = YES;
				IPHONEOS_DEPLOYMENT_TARGET = 9.2;
				MTL_ENABLE_DEBUG_INFO = NO;
				SDKROOT = iphoneos;
				TARGETED_DEVICE_FAMILY = "1,2";
				VALIDATE_PRODUCT = YES;
			};
			name = Release;
		};
		F45023571CB79C4200E236E7 /* Debug */ = {
			isa = XCBuildConfiguration;
			buildSettings = {
				ASSETCATALOG_COMPILER_APPICON_NAME = AppIcon;
				INFOPLIST_FILE = GJExamAnki/Info.plist;
				LD_RUNPATH_SEARCH_PATHS = "$(inherited) @executable_path/Frameworks";
				PRODUCT_BUNDLE_IDENTIFIER = com.unversial.GJ.GJExamAnki;
				PRODUCT_NAME = "$(TARGET_NAME)";
			};
			name = Debug;
		};
		F45023581CB79C4200E236E7 /* Release */ = {
			isa = XCBuildConfiguration;
			buildSettings = {
				ASSETCATALOG_COMPILER_APPICON_NAME = AppIcon;
				INFOPLIST_FILE = GJExamAnki/Info.plist;
				LD_RUNPATH_SEARCH_PATHS = "$(inherited) @executable_path/Frameworks";
				PRODUCT_BUNDLE_IDENTIFIER = com.unversial.GJ.GJExamAnki;
				PRODUCT_NAME = "$(TARGET_NAME)";
			};
			name = Release;
		};
		F450235A1CB79C4200E236E7 /* Debug */ = {
			isa = XCBuildConfiguration;
			buildSettings = {
				BUNDLE_LOADER = "$(TEST_HOST)";
				INFOPLIST_FILE = GJExamAnkiTests/Info.plist;
				LD_RUNPATH_SEARCH_PATHS = "$(inherited) @executable_path/Frameworks @loader_path/Frameworks";
				PRODUCT_BUNDLE_IDENTIFIER = com.unversial.GJ.GJExamAnkiTests;
				PRODUCT_NAME = "$(TARGET_NAME)";
				TEST_HOST = "$(BUILT_PRODUCTS_DIR)/GJExamAnki.app/GJExamAnki";
			};
			name = Debug;
		};
		F450235B1CB79C4200E236E7 /* Release */ = {
			isa = XCBuildConfiguration;
			buildSettings = {
				BUNDLE_LOADER = "$(TEST_HOST)";
				INFOPLIST_FILE = GJExamAnkiTests/Info.plist;
				LD_RUNPATH_SEARCH_PATHS = "$(inherited) @executable_path/Frameworks @loader_path/Frameworks";
				PRODUCT_BUNDLE_IDENTIFIER = com.unversial.GJ.GJExamAnkiTests;
				PRODUCT_NAME = "$(TARGET_NAME)";
				TEST_HOST = "$(BUILT_PRODUCTS_DIR)/GJExamAnki.app/GJExamAnki";
			};
			name = Release;
		};
		F450235D1CB79C4200E236E7 /* Debug */ = {
			isa = XCBuildConfiguration;
			buildSettings = {
				INFOPLIST_FILE = GJExamAnkiUITests/Info.plist;
				LD_RUNPATH_SEARCH_PATHS = "$(inherited) @executable_path/Frameworks @loader_path/Frameworks";
				PRODUCT_BUNDLE_IDENTIFIER = com.unversial.GJ.GJExamAnkiUITests;
				PRODUCT_NAME = "$(TARGET_NAME)";
				TEST_TARGET_NAME = GJExamAnki;
				USES_XCTRUNNER = YES;
			};
			name = Debug;
		};
		F450235E1CB79C4200E236E7 /* Release */ = {
			isa = XCBuildConfiguration;
			buildSettings = {
				INFOPLIST_FILE = GJExamAnkiUITests/Info.plist;
				LD_RUNPATH_SEARCH_PATHS = "$(inherited) @executable_path/Frameworks @loader_path/Frameworks";
				PRODUCT_BUNDLE_IDENTIFIER = com.unversial.GJ.GJExamAnkiUITests;
				PRODUCT_NAME = "$(TARGET_NAME)";
				TEST_TARGET_NAME = GJExamAnki;
				USES_XCTRUNNER = YES;
			};
			name = Release;
		};
/* End XCBuildConfiguration section */

/* Begin XCConfigurationList section */
		F45023241CB79C4100E236E7 /* Build configuration list for PBXProject "GJExamAnki" */ = {
			isa = XCConfigurationList;
			buildConfigurations = (
				F45023541CB79C4200E236E7 /* Debug */,
				F45023551CB79C4200E236E7 /* Release */,
			);
			defaultConfigurationIsVisible = 0;
			defaultConfigurationName = Release;
		};
		F45023561CB79C4200E236E7 /* Build configuration list for PBXNativeTarget "GJExamAnki" */ = {
			isa = XCConfigurationList;
			buildConfigurations = (
				F45023571CB79C4200E236E7 /* Debug */,
				F45023581CB79C4200E236E7 /* Release */,
			);
			defaultConfigurationIsVisible = 0;
		};
		F45023591CB79C4200E236E7 /* Build configuration list for PBXNativeTarget "GJExamAnkiTests" */ = {
			isa = XCConfigurationList;
			buildConfigurations = (
				F450235A1CB79C4200E236E7 /* Debug */,
				F450235B1CB79C4200E236E7 /* Release */,
			);
			defaultConfigurationIsVisible = 0;
		};
		F450235C1CB79C4200E236E7 /* Build configuration list for PBXNativeTarget "GJExamAnkiUITests" */ = {
			isa = XCConfigurationList;
			buildConfigurations = (
				F450235D1CB79C4200E236E7 /* Debug */,
				F450235E1CB79C4200E236E7 /* Release */,
			);
			defaultConfigurationIsVisible = 0;
		};
/* End XCConfigurationList section */
	};
	rootObject = F45023211CB79C4100E236E7 /* Project object */;
}
